// !$*UTF8*$!
{
	archiveVersion = 1;
	classes = {
	};
	objectVersion = 70;
	objects = {

/* Begin PBXBuildFile section */
		2769E78C2D64564D00785082 /* ScreenShieldKit in Frameworks */ = {isa = PBXBuildFile; productRef = 2769E78B2D64564D00785082 /* ScreenShieldKit */; };
		2769E78F2D64565800785082 /* iOSSnapshotTestCase in Frameworks */ = {isa = PBXBuildFile; productRef = 2769E78E2D64565800785082 /* iOSSnapshotTestCase */; };
		2769E7BC2D6456C300785082 /* ScreenShieldKit in Frameworks */ = {isa = PBXBuildFile; productRef = 2769E7BB2D6456C300785082 /* ScreenShieldKit */; };
		2769E7BE2D6456C600785082 /* ScreenShieldKit in Frameworks */ = {isa = PBXBuildFile; productRef = 2769E7BD2D6456C600785082 /* ScreenShieldKit */; };
		2769E7C22D64581500785082 /* iOSSnapshotTestCase in Embed Frameworks */ = {isa = PBXBuildFile; productRef = 2769E78E2D64565800785082 /* iOSSnapshotTestCase */; settings = {ATTRIBUTES = (CodeSignOnCopy, ); }; };
/* End PBXBuildFile section */

/* Begin PBXContainerItemProxy section */
		2769E7692D64560100785082 /* PBXContainerItemProxy */ = {
			isa = PBXContainerItemProxy;
			containerPortal = 2769E74A2D64560000785082 /* Project object */;
			proxyType = 1;
			remoteGlobalIDString = 2769E7512D64560000785082;
			remoteInfo = TestingHost;
		};
		2769E7732D64560100785082 /* PBXContainerItemProxy */ = {
			isa = PBXContainerItemProxy;
			containerPortal = 2769E74A2D64560000785082 /* Project object */;
			proxyType = 1;
			remoteGlobalIDString = 2769E7512D64560000785082;
			remoteInfo = TestingHost;
		};
/* End PBXContainerItemProxy section */

/* Begin PBXCopyFilesBuildPhase section */
		2769E7C32D64581500785082 /* Embed Frameworks */ = {
			isa = PBXCopyFilesBuildPhase;
			buildActionMask = 2147483647;
			dstPath = "";
			dstSubfolderSpec = 10;
			files = (
				2769E7C22D64581500785082 /* iOSSnapshotTestCase in Embed Frameworks */,
			);
			name = "Embed Frameworks";
			runOnlyForDeploymentPostprocessing = 0;
		};
/* End PBXCopyFilesBuildPhase section */

/* Begin PBXFileReference section */
		2769E7522D64560000785082 /* TestingHost.app */ = {isa = PBXFileReference; explicitFileType = wrapper.application; includeInIndex = 0; path = TestingHost.app; sourceTree = BUILT_PRODUCTS_DIR; };
		2769E7682D64560100785082 /* TestingHostTests.xctest */ = {isa = PBXFileReference; explicitFileType = wrapper.cfbundle; includeInIndex = 0; path = TestingHostTests.xctest; sourceTree = BUILT_PRODUCTS_DIR; };
		2769E7722D64560100785082 /* TestingHostUITests.xctest */ = {isa = PBXFileReference; explicitFileType = wrapper.cfbundle; includeInIndex = 0; path = TestingHostUITests.xctest; sourceTree = BUILT_PRODUCTS_DIR; };
/* End PBXFileReference section */

/* Begin PBXFileSystemSynchronizedBuildFileExceptionSet section */
		2769E77A2D64560100785082 /* PBXFileSystemSynchronizedBuildFileExceptionSet */ = {
			isa = PBXFileSystemSynchronizedBuildFileExceptionSet;
			membershipExceptions = (
				Info.plist,
			);
			target = 2769E7512D64560000785082 /* TestingHost */;
		};
/* End PBXFileSystemSynchronizedBuildFileExceptionSet section */

/* Begin PBXFileSystemSynchronizedRootGroup section */
		2769E7542D64560000785082 /* TestingHost */ = {isa = PBXFileSystemSynchronizedRootGroup; exceptions = (2769E77A2D64560100785082 /* PBXFileSystemSynchronizedBuildFileExceptionSet */, ); explicitFileTypes = {}; explicitFolders = (); path = TestingHost; sourceTree = "<group>"; };
		2769E76B2D64560100785082 /* TestingHostTests */ = {isa = PBXFileSystemSynchronizedRootGroup; explicitFileTypes = {}; explicitFolders = (); path = TestingHostTests; sourceTree = "<group>"; };
		2769E7752D64560100785082 /* TestingHostUITests */ = {isa = PBXFileSystemSynchronizedRootGroup; explicitFileTypes = {}; explicitFolders = (); path = TestingHostUITests; sourceTree = "<group>"; };
		2769E7C12D6457B500785082 /* TestPlans */ = {isa = PBXFileSystemSynchronizedRootGroup; explicitFileTypes = {}; explicitFolders = (); path = TestPlans; sourceTree = "<group>"; };
		2769E7CD2D6459F900785082 /* Images */ = {isa = PBXFileSystemSynchronizedRootGroup; explicitFileTypes = {}; explicitFolders = (); path = Images; sourceTree = "<group>"; };
/* End PBXFileSystemSynchronizedRootGroup section */

/* Begin PBXFrameworksBuildPhase section */
		2769E74F2D64560000785082 /* Frameworks */ = {
			isa = PBXFrameworksBuildPhase;
			buildActionMask = 2147483647;
			files = (
				2769E78C2D64564D00785082 /* ScreenShieldKit in Frameworks */,
			);
			runOnlyForDeploymentPostprocessing = 0;
		};
		2769E7652D64560100785082 /* Frameworks */ = {
			isa = PBXFrameworksBuildPhase;
			buildActionMask = 2147483647;
			files = (
				2769E7BC2D6456C300785082 /* ScreenShieldKit in Frameworks */,
			);
			runOnlyForDeploymentPostprocessing = 0;
		};
		2769E76F2D64560100785082 /* Frameworks */ = {
			isa = PBXFrameworksBuildPhase;
			buildActionMask = 2147483647;
			files = (
				2769E7BE2D6456C600785082 /* ScreenShieldKit in Frameworks */,
				2769E78F2D64565800785082 /* iOSSnapshotTestCase in Frameworks */,
			);
			runOnlyForDeploymentPostprocessing = 0;
		};
/* End PBXFrameworksBuildPhase section */

/* Begin PBXGroup section */
		2769E7492D64560000785082 = {
			isa = PBXGroup;
			children = (
				2769E7CD2D6459F900785082 /* Images */,
				2769E7C12D6457B500785082 /* TestPlans */,
				2769E7542D64560000785082 /* TestingHost */,
				2769E76B2D64560100785082 /* TestingHostTests */,
				2769E7752D64560100785082 /* TestingHostUITests */,
				2769E7BA2D6456C300785082 /* Frameworks */,
				2769E7532D64560000785082 /* Products */,
			);
			sourceTree = "<group>";
		};
		2769E7532D64560000785082 /* Products */ = {
			isa = PBXGroup;
			children = (
				2769E7522D64560000785082 /* TestingHost.app */,
				2769E7682D64560100785082 /* TestingHostTests.xctest */,
				2769E7722D64560100785082 /* TestingHostUITests.xctest */,
			);
			name = Products;
			sourceTree = "<group>";
		};
		2769E7BA2D6456C300785082 /* Frameworks */ = {
			isa = PBXGroup;
			children = (
			);
			name = Frameworks;
			sourceTree = "<group>";
		};
/* End PBXGroup section */

/* Begin PBXNativeTarget section */
		2769E7512D64560000785082 /* TestingHost */ = {
			isa = PBXNativeTarget;
			buildConfigurationList = 2769E77B2D64560100785082 /* Build configuration list for PBXNativeTarget "TestingHost" */;
			buildPhases = (
				2769E74E2D64560000785082 /* Sources */,
				2769E74F2D64560000785082 /* Frameworks */,
				2769E7502D64560000785082 /* Resources */,
			);
			buildRules = (
			);
			dependencies = (
			);
			fileSystemSynchronizedGroups = (
				2769E7542D64560000785082 /* TestingHost */,
			);
			name = TestingHost;
			packageProductDependencies = (
				2769E78B2D64564D00785082 /* ScreenShieldKit */,
			);
			productName = TestingHost;
			productReference = 2769E7522D64560000785082 /* TestingHost.app */;
			productType = "com.apple.product-type.application";
		};
		2769E7672D64560100785082 /* TestingHostTests */ = {
			isa = PBXNativeTarget;
			buildConfigurationList = 2769E7802D64560100785082 /* Build configuration list for PBXNativeTarget "TestingHostTests" */;
			buildPhases = (
				2769E7642D64560100785082 /* Sources */,
				2769E7652D64560100785082 /* Frameworks */,
				2769E7662D64560100785082 /* Resources */,
			);
			buildRules = (
			);
			dependencies = (
				2769E76A2D64560100785082 /* PBXTargetDependency */,
			);
			fileSystemSynchronizedGroups = (
				2769E76B2D64560100785082 /* TestingHostTests */,
			);
			name = TestingHostTests;
			packageProductDependencies = (
				2769E7BB2D6456C300785082 /* ScreenShieldKit */,
			);
			productName = TestingHostTests;
			productReference = 2769E7682D64560100785082 /* TestingHostTests.xctest */;
			productType = "com.apple.product-type.bundle.unit-test";
		};
		2769E7712D64560100785082 /* TestingHostUITests */ = {
			isa = PBXNativeTarget;
			buildConfigurationList = 2769E7832D64560100785082 /* Build configuration list for PBXNativeTarget "TestingHostUITests" */;
			buildPhases = (
				2769E76E2D64560100785082 /* Sources */,
				2769E76F2D64560100785082 /* Frameworks */,
				2769E7702D64560100785082 /* Resources */,
				2769E7C32D64581500785082 /* Embed Frameworks */,
			);
			buildRules = (
			);
			dependencies = (
				2769E7742D64560100785082 /* PBXTargetDependency */,
			);
			fileSystemSynchronizedGroups = (
				2769E7752D64560100785082 /* TestingHostUITests */,
			);
			name = TestingHostUITests;
			packageProductDependencies = (
				2769E78E2D64565800785082 /* iOSSnapshotTestCase */,
				2769E7BD2D6456C600785082 /* ScreenShieldKit */,
			);
			productName = TestingHostUITests;
			productReference = 2769E7722D64560100785082 /* TestingHostUITests.xctest */;
			productType = "com.apple.product-type.bundle.ui-testing";
		};
/* End PBXNativeTarget section */

/* Begin PBXProject section */
		2769E74A2D64560000785082 /* Project object */ = {
			isa = PBXProject;
			attributes = {
				BuildIndependentTargetsInParallel = 1;
				LastSwiftUpdateCheck = 1600;
				LastUpgradeCheck = 1600;
				TargetAttributes = {
					2769E7512D64560000785082 = {
						CreatedOnToolsVersion = 16.0;
					};
					2769E7672D64560100785082 = {
						CreatedOnToolsVersion = 16.0;
						TestTargetID = 2769E7512D64560000785082;
					};
					2769E7712D64560100785082 = {
						CreatedOnToolsVersion = 16.0;
						LastSwiftMigration = 1600;
						TestTargetID = 2769E7512D64560000785082;
					};
				};
			};
			buildConfigurationList = 2769E74D2D64560000785082 /* Build configuration list for PBXProject "TestingHost" */;
			compatibilityVersion = "Xcode 14.0";
			developmentRegion = en;
			hasScannedForEncodings = 0;
			knownRegions = (
				en,
				Base,
			);
			mainGroup = 2769E7492D64560000785082;
			minimizedProjectReferenceProxies = 1;
			packageReferences = (
				2769E78A2D64564D00785082 /* XCLocalSwiftPackageReference "../../ScreenShieldKit" */,
				2769E78D2D64565800785082 /* XCRemoteSwiftPackageReference "ios-snapshot-test-case" */,
			);
			productRefGroup = 2769E7532D64560000785082 /* Products */;
			projectDirPath = "";
			projectRoot = "";
			targets = (
				2769E7512D64560000785082 /* TestingHost */,
				2769E7672D64560100785082 /* TestingHostTests */,
				2769E7712D64560100785082 /* TestingHostUITests */,
			);
		};
/* End PBXProject section */

/* Begin PBXResourcesBuildPhase section */
		2769E7502D64560000785082 /* Resources */ = {
			isa = PBXResourcesBuildPhase;
			buildActionMask = 2147483647;
			files = (
			);
			runOnlyForDeploymentPostprocessing = 0;
		};
		2769E7662D64560100785082 /* Resources */ = {
			isa = PBXResourcesBuildPhase;
			buildActionMask = 2147483647;
			files = (
			);
			runOnlyForDeploymentPostprocessing = 0;
		};
		2769E7702D64560100785082 /* Resources */ = {
			isa = PBXResourcesBuildPhase;
			buildActionMask = 2147483647;
			files = (
			);
			runOnlyForDeploymentPostprocessing = 0;
		};
/* End PBXResourcesBuildPhase section */

/* Begin PBXSourcesBuildPhase section */
		2769E74E2D64560000785082 /* Sources */ = {
			isa = PBXSourcesBuildPhase;
			buildActionMask = 2147483647;
			files = (
			);
			runOnlyForDeploymentPostprocessing = 0;
		};
		2769E7642D64560100785082 /* Sources */ = {
			isa = PBXSourcesBuildPhase;
			buildActionMask = 2147483647;
			files = (
			);
			runOnlyForDeploymentPostprocessing = 0;
		};
		2769E76E2D64560100785082 /* Sources */ = {
			isa = PBXSourcesBuildPhase;
			buildActionMask = 2147483647;
			files = (
			);
			runOnlyForDeploymentPostprocessing = 0;
		};
/* End PBXSourcesBuildPhase section */

/* Begin PBXTargetDependency section */
		2769E76A2D64560100785082 /* PBXTargetDependency */ = {
			isa = PBXTargetDependency;
			target = 2769E7512D64560000785082 /* TestingHost */;
			targetProxy = 2769E7692D64560100785082 /* PBXContainerItemProxy */;
		};
		2769E7742D64560100785082 /* PBXTargetDependency */ = {
			isa = PBXTargetDependency;
			target = 2769E7512D64560000785082 /* TestingHost */;
			targetProxy = 2769E7732D64560100785082 /* PBXContainerItemProxy */;
		};
/* End PBXTargetDependency section */

/* Begin XCBuildConfiguration section */
		2769E77C2D64560100785082 /* Debug */ = {
			isa = XCBuildConfiguration;
			buildSettings = {
				ASSETCATALOG_COMPILER_APPICON_NAME = AppIcon;
				ASSETCATALOG_COMPILER_GLOBAL_ACCENT_COLOR_NAME = AccentColor;
				CODE_SIGN_STYLE = Automatic;
				CURRENT_PROJECT_VERSION = 1;
				DEVELOPMENT_TEAM = VB7MJ8R223;
				GENERATE_INFOPLIST_FILE = YES;
				INFOPLIST_FILE = TestingHost/Info.plist;
				INFOPLIST_KEY_UIApplicationSupportsIndirectInputEvents = YES;
				INFOPLIST_KEY_UILaunchStoryboardName = LaunchScreen;
				INFOPLIST_KEY_UIMainStoryboardFile = Main;
				INFOPLIST_KEY_UIRequiresFullScreen = NO;
				INFOPLIST_KEY_UIStatusBarHidden = NO;
				INFOPLIST_KEY_UIStatusBarStyle = "";
				INFOPLIST_KEY_UISupportedInterfaceOrientations_iPad = "UIInterfaceOrientationPortrait UIInterfaceOrientationPortraitUpsideDown UIInterfaceOrientationLandscapeLeft UIInterfaceOrientationLandscapeRight";
				INFOPLIST_KEY_UISupportedInterfaceOrientations_iPhone = "UIInterfaceOrientationPortrait UIInterfaceOrientationLandscapeLeft UIInterfaceOrientationLandscapeRight";
				IPHONEOS_DEPLOYMENT_TARGET = 13.0;
				LD_RUNPATH_SEARCH_PATHS = (
					"$(inherited)",
					"@executable_path/Frameworks",
				);
				MARKETING_VERSION = 1.0;
				PRODUCT_BUNDLE_IDENTIFIER = top.kyleye.screenshieldkit.TestingHost;
				PRODUCT_NAME = "$(TARGET_NAME)";
				SUPPORTED_PLATFORMS = "iphoneos iphonesimulator";
				SUPPORTS_MACCATALYST = NO;
				SUPPORTS_MAC_DESIGNED_FOR_IPHONE_IPAD = NO;
				SUPPORTS_XR_DESIGNED_FOR_IPHONE_IPAD = NO;
				SWIFT_EMIT_LOC_STRINGS = YES;
				SWIFT_VERSION = 5.0;
				TARGETED_DEVICE_FAMILY = "1,2";
			};
			name = Debug;
		};
		2769E77D2D64560100785082 /* Release */ = {
			isa = XCBuildConfiguration;
			buildSettings = {
				ASSETCATALOG_COMPILER_APPICON_NAME = AppIcon;
				ASSETCATALOG_COMPILER_GLOBAL_ACCENT_COLOR_NAME = AccentColor;
				CODE_SIGN_STYLE = Automatic;
				CURRENT_PROJECT_VERSION = 1;
				DEVELOPMENT_TEAM = VB7MJ8R223;
				GENERATE_INFOPLIST_FILE = YES;
				INFOPLIST_FILE = TestingHost/Info.plist;
				INFOPLIST_KEY_UIApplicationSupportsIndirectInputEvents = YES;
				INFOPLIST_KEY_UILaunchStoryboardName = LaunchScreen;
				INFOPLIST_KEY_UIMainStoryboardFile = Main;
				INFOPLIST_KEY_UIRequiresFullScreen = NO;
				INFOPLIST_KEY_UIStatusBarHidden = NO;
				INFOPLIST_KEY_UIStatusBarStyle = "";
				INFOPLIST_KEY_UISupportedInterfaceOrientations_iPad = "UIInterfaceOrientationPortrait UIInterfaceOrientationPortraitUpsideDown UIInterfaceOrientationLandscapeLeft UIInterfaceOrientationLandscapeRight";
				INFOPLIST_KEY_UISupportedInterfaceOrientations_iPhone = "UIInterfaceOrientationPortrait UIInterfaceOrientationLandscapeLeft UIInterfaceOrientationLandscapeRight";
				IPHONEOS_DEPLOYMENT_TARGET = 13.0;
				LD_RUNPATH_SEARCH_PATHS = (
					"$(inherited)",
					"@executable_path/Frameworks",
				);
				MARKETING_VERSION = 1.0;
				PRODUCT_BUNDLE_IDENTIFIER = top.kyleye.screenshieldkit.TestingHost;
				PRODUCT_NAME = "$(TARGET_NAME)";
				SUPPORTED_PLATFORMS = "iphoneos iphonesimulator";
				SUPPORTS_MACCATALYST = NO;
				SUPPORTS_MAC_DESIGNED_FOR_IPHONE_IPAD = NO;
				SUPPORTS_XR_DESIGNED_FOR_IPHONE_IPAD = NO;
				SWIFT_EMIT_LOC_STRINGS = YES;
				SWIFT_VERSION = 5.0;
				TARGETED_DEVICE_FAMILY = "1,2";
			};
			name = Release;
		};
		2769E77E2D64560100785082 /* Debug */ = {
			isa = XCBuildConfiguration;
			buildSettings = {
				ALWAYS_SEARCH_USER_PATHS = NO;
				ASSETCATALOG_COMPILER_GENERATE_SWIFT_ASSET_SYMBOL_EXTENSIONS = YES;
				CLANG_ANALYZER_NONNULL = YES;
				CLANG_ANALYZER_NUMBER_OBJECT_CONVERSION = YES_AGGRESSIVE;
				CLANG_CXX_LANGUAGE_STANDARD = "gnu++20";
				CLANG_ENABLE_MODULES = YES;
				CLANG_ENABLE_OBJC_ARC = YES;
				CLANG_ENABLE_OBJC_WEAK = YES;
				CLANG_WARN_BLOCK_CAPTURE_AUTORELEASING = YES;
				CLANG_WARN_BOOL_CONVERSION = YES;
				CLANG_WARN_COMMA = YES;
				CLANG_WARN_CONSTANT_CONVERSION = YES;
				CLANG_WARN_DEPRECATED_OBJC_IMPLEMENTATIONS = YES;
				CLANG_WARN_DIRECT_OBJC_ISA_USAGE = YES_ERROR;
				CLANG_WARN_DOCUMENTATION_COMMENTS = YES;
				CLANG_WARN_EMPTY_BODY = YES;
				CLANG_WARN_ENUM_CONVERSION = YES;
				CLANG_WARN_INFINITE_RECURSION = YES;
				CLANG_WARN_INT_CONVERSION = YES;
				CLANG_WARN_NON_LITERAL_NULL_CONVERSION = YES;
				CLANG_WARN_OBJC_IMPLICIT_RETAIN_SELF = YES;
				CLANG_WARN_OBJC_LITERAL_CONVERSION = YES;
				CLANG_WARN_OBJC_ROOT_CLASS = YES_ERROR;
				CLANG_WARN_QUOTED_INCLUDE_IN_FRAMEWORK_HEADER = YES;
				CLANG_WARN_RANGE_LOOP_ANALYSIS = YES;
				CLANG_WARN_STRICT_PROTOTYPES = YES;
				CLANG_WARN_SUSPICIOUS_MOVE = YES;
				CLANG_WARN_UNGUARDED_AVAILABILITY = YES_AGGRESSIVE;
				CLANG_WARN_UNREACHABLE_CODE = YES;
				CLANG_WARN__DUPLICATE_METHOD_MATCH = YES;
				COPY_PHASE_STRIP = NO;
				DEBUG_INFORMATION_FORMAT = dwarf;
				ENABLE_STRICT_OBJC_MSGSEND = YES;
				ENABLE_TESTABILITY = YES;
				ENABLE_USER_SCRIPT_SANDBOXING = YES;
				GCC_C_LANGUAGE_STANDARD = gnu17;
				GCC_DYNAMIC_NO_PIC = NO;
				GCC_NO_COMMON_BLOCKS = YES;
				GCC_OPTIMIZATION_LEVEL = 0;
				GCC_PREPROCESSOR_DEFINITIONS = (
					"DEBUG=1",
					"$(inherited)",
				);
				GCC_WARN_64_TO_32_BIT_CONVERSION = YES;
				GCC_WARN_ABOUT_RETURN_TYPE = YES_ERROR;
				GCC_WARN_UNDECLARED_SELECTOR = YES;
				GCC_WARN_UNINITIALIZED_AUTOS = YES_AGGRESSIVE;
				GCC_WARN_UNUSED_FUNCTION = YES;
				GCC_WARN_UNUSED_VARIABLE = YES;
				IPHONEOS_DEPLOYMENT_TARGET = 18.0;
				LOCALIZATION_PREFERS_STRING_CATALOGS = YES;
				MTL_ENABLE_DEBUG_INFO = INCLUDE_SOURCE;
				MTL_FAST_MATH = YES;
				ONLY_ACTIVE_ARCH = YES;
				SDKROOT = iphoneos;
				SWIFT_ACTIVE_COMPILATION_CONDITIONS = "DEBUG $(inherited)";
				SWIFT_OPTIMIZATION_LEVEL = "-Onone";
			};
			name = Debug;
		};
		2769E77F2D64560100785082 /* Release */ = {
			isa = XCBuildConfiguration;
			buildSettings = {
				ALWAYS_SEARCH_USER_PATHS = NO;
				ASSETCATALOG_COMPILER_GENERATE_SWIFT_ASSET_SYMBOL_EXTENSIONS = YES;
				CLANG_ANALYZER_NONNULL = YES;
				CLANG_ANALYZER_NUMBER_OBJECT_CONVERSION = YES_AGGRESSIVE;
				CLANG_CXX_LANGUAGE_STANDARD = "gnu++20";
				CLANG_ENABLE_MODULES = YES;
				CLANG_ENABLE_OBJC_ARC = YES;
				CLANG_ENABLE_OBJC_WEAK = YES;
				CLANG_WARN_BLOCK_CAPTURE_AUTORELEASING = YES;
				CLANG_WARN_BOOL_CONVERSION = YES;
				CLANG_WARN_COMMA = YES;
				CLANG_WARN_CONSTANT_CONVERSION = YES;
				CLANG_WARN_DEPRECATED_OBJC_IMPLEMENTATIONS = YES;
				CLANG_WARN_DIRECT_OBJC_ISA_USAGE = YES_ERROR;
				CLANG_WARN_DOCUMENTATION_COMMENTS = YES;
				CLANG_WARN_EMPTY_BODY = YES;
				CLANG_WARN_ENUM_CONVERSION = YES;
				CLANG_WARN_INFINITE_RECURSION = YES;
				CLANG_WARN_INT_CONVERSION = YES;
				CLANG_WARN_NON_LITERAL_NULL_CONVERSION = YES;
				CLANG_WARN_OBJC_IMPLICIT_RETAIN_SELF = YES;
				CLANG_WARN_OBJC_LITERAL_CONVERSION = YES;
				CLANG_WARN_OBJC_ROOT_CLASS = YES_ERROR;
				CLANG_WARN_QUOTED_INCLUDE_IN_FRAMEWORK_HEADER = YES;
				CLANG_WARN_RANGE_LOOP_ANALYSIS = YES;
				CLANG_WARN_STRICT_PROTOTYPES = YES;
				CLANG_WARN_SUSPICIOUS_MOVE = YES;
				CLANG_WARN_UNGUARDED_AVAILABILITY = YES_AGGRESSIVE;
				CLANG_WARN_UNREACHABLE_CODE = YES;
				CLANG_WARN__DUPLICATE_METHOD_MATCH = YES;
				COPY_PHASE_STRIP = NO;
				DEBUG_INFORMATION_FORMAT = "dwarf-with-dsym";
				ENABLE_NS_ASSERTIONS = NO;
				ENABLE_STRICT_OBJC_MSGSEND = YES;
				ENABLE_USER_SCRIPT_SANDBOXING = YES;
				GCC_C_LANGUAGE_STANDARD = gnu17;
				GCC_NO_COMMON_BLOCKS = YES;
				GCC_WARN_64_TO_32_BIT_CONVERSION = YES;
				GCC_WARN_ABOUT_RETURN_TYPE = YES_ERROR;
				GCC_WARN_UNDECLARED_SELECTOR = YES;
				GCC_WARN_UNINITIALIZED_AUTOS = YES_AGGRESSIVE;
				GCC_WARN_UNUSED_FUNCTION = YES;
				GCC_WARN_UNUSED_VARIABLE = YES;
				IPHONEOS_DEPLOYMENT_TARGET = 18.0;
				LOCALIZATION_PREFERS_STRING_CATALOGS = YES;
				MTL_ENABLE_DEBUG_INFO = NO;
				MTL_FAST_MATH = YES;
				SDKROOT = iphoneos;
				SWIFT_COMPILATION_MODE = wholemodule;
				VALIDATE_PRODUCT = YES;
			};
			name = Release;
		};
		2769E7812D64560100785082 /* Debug */ = {
			isa = XCBuildConfiguration;
			buildSettings = {
				BUNDLE_LOADER = "$(TEST_HOST)";
				CODE_SIGN_STYLE = Automatic;
				CURRENT_PROJECT_VERSION = 1;
				DEVELOPMENT_TEAM = VB7MJ8R223;
				GENERATE_INFOPLIST_FILE = YES;
				IPHONEOS_DEPLOYMENT_TARGET = 13.0;
				MARKETING_VERSION = 1.0;
				PRODUCT_BUNDLE_IDENTIFIER = top.kyleye.screenshieldkit.TestingHostTests;
				PRODUCT_NAME = "$(TARGET_NAME)";
				SUPPORTED_PLATFORMS = "iphoneos iphonesimulator";
				SUPPORTS_MACCATALYST = NO;
				SUPPORTS_MAC_DESIGNED_FOR_IPHONE_IPAD = NO;
				SUPPORTS_XR_DESIGNED_FOR_IPHONE_IPAD = NO;
				SWIFT_EMIT_LOC_STRINGS = NO;
				SWIFT_VERSION = 5.0;
				TARGETED_DEVICE_FAMILY = "1,2";
				TEST_HOST = "$(BUILT_PRODUCTS_DIR)/TestingHost.app/$(BUNDLE_EXECUTABLE_FOLDER_PATH)/TestingHost";
			};
			name = Debug;
		};
		2769E7822D64560100785082 /* Release */ = {
			isa = XCBuildConfiguration;
			buildSettings = {
				BUNDLE_LOADER = "$(TEST_HOST)";
				CODE_SIGN_STYLE = Automatic;
				CURRENT_PROJECT_VERSION = 1;
				DEVELOPMENT_TEAM = VB7MJ8R223;
				GENERATE_INFOPLIST_FILE = YES;
				IPHONEOS_DEPLOYMENT_TARGET = 13.0;
				MARKETING_VERSION = 1.0;
				PRODUCT_BUNDLE_IDENTIFIER = top.kyleye.screenshieldkit.TestingHostTests;
				PRODUCT_NAME = "$(TARGET_NAME)";
				SUPPORTED_PLATFORMS = "iphoneos iphonesimulator";
				SUPPORTS_MACCATALYST = NO;
				SUPPORTS_MAC_DESIGNED_FOR_IPHONE_IPAD = NO;
				SUPPORTS_XR_DESIGNED_FOR_IPHONE_IPAD = NO;
				SWIFT_EMIT_LOC_STRINGS = NO;
				SWIFT_VERSION = 5.0;
				TARGETED_DEVICE_FAMILY = "1,2";
				TEST_HOST = "$(BUILT_PRODUCTS_DIR)/TestingHost.app/$(BUNDLE_EXECUTABLE_FOLDER_PATH)/TestingHost";
			};
			name = Release;
		};
		2769E7842D64560100785082 /* Debug */ = {
			isa = XCBuildConfiguration;
			buildSettings = {
				CLANG_ENABLE_MODULES = YES;
				CODE_SIGN_STYLE = Automatic;
				CURRENT_PROJECT_VERSION = 1;
				DEVELOPMENT_TEAM = VB7MJ8R223;
				GENERATE_INFOPLIST_FILE = YES;
				IPHONEOS_DEPLOYMENT_TARGET = 13.0;
				MARKETING_VERSION = 1.0;
				PRODUCT_BUNDLE_IDENTIFIER = top.kyleye.screenshieldkit.TestingHostUITests;
				PRODUCT_NAME = "$(TARGET_NAME)";
				SUPPORTED_PLATFORMS = "iphoneos iphonesimulator";
				SUPPORTS_MACCATALYST = NO;
				SUPPORTS_MAC_DESIGNED_FOR_IPHONE_IPAD = NO;
				SUPPORTS_XR_DESIGNED_FOR_IPHONE_IPAD = NO;
				SWIFT_EMIT_LOC_STRINGS = NO;
				SWIFT_OBJC_BRIDGING_HEADER = "TestingHostUITests/TestingHostUITests-Bridging-Header.h";
				SWIFT_OPTIMIZATION_LEVEL = "-Onone";
				SWIFT_VERSION = 5.0;
				TARGETED_DEVICE_FAMILY = "1,2";
				TEST_TARGET_NAME = TestingHost;
			};
			name = Debug;
		};
		2769E7852D64560100785082 /* Release */ = {
			isa = XCBuildConfiguration;
			buildSettings = {
				CLANG_ENABLE_MODULES = YES;
				CODE_SIGN_STYLE = Automatic;
				CURRENT_PROJECT_VERSION = 1;
				DEVELOPMENT_TEAM = VB7MJ8R223;
				GENERATE_INFOPLIST_FILE = YES;
				IPHONEOS_DEPLOYMENT_TARGET = 13.0;
				MARKETING_VERSION = 1.0;
				PRODUCT_BUNDLE_IDENTIFIER = top.kyleye.screenshieldkit.TestingHostUITests;
				PRODUCT_NAME = "$(TARGET_NAME)";
				SUPPORTED_PLATFORMS = "iphoneos iphonesimulator";
				SUPPORTS_MACCATALYST = NO;
				SUPPORTS_MAC_DESIGNED_FOR_IPHONE_IPAD = NO;
				SUPPORTS_XR_DESIGNED_FOR_IPHONE_IPAD = NO;
				SWIFT_EMIT_LOC_STRINGS = NO;
				SWIFT_OBJC_BRIDGING_HEADER = "TestingHostUITests/TestingHostUITests-Bridging-Header.h";
				SWIFT_VERSION = 5.0;
				TARGETED_DEVICE_FAMILY = "1,2";
				TEST_TARGET_NAME = TestingHost;
			};
			name = Release;
		};
/* End XCBuildConfiguration section */

/* Begin XCConfigurationList section */
		2769E74D2D64560000785082 /* Build configuration list for PBXProject "TestingHost" */ = {
			isa = XCConfigurationList;
			buildConfigurations = (
				2769E77E2D64560100785082 /* Debug */,
				2769E77F2D64560100785082 /* Release */,
			);
			defaultConfigurationIsVisible = 0;
			defaultConfigurationName = Release;
		};
		2769E77B2D64560100785082 /* Build configuration list for PBXNativeTarget "TestingHost" */ = {
			isa = XCConfigurationList;
			buildConfigurations = (
				2769E77C2D64560100785082 /* Debug */,
				2769E77D2D64560100785082 /* Release */,
			);
			defaultConfigurationIsVisible = 0;
			defaultConfigurationName = Release;
		};
		2769E7802D64560100785082 /* Build configuration list for PBXNativeTarget "TestingHostTests" */ = {
			isa = XCConfigurationList;
			buildConfigurations = (
				2769E7812D64560100785082 /* Debug */,
				2769E7822D64560100785082 /* Release */,
			);
			defaultConfigurationIsVisible = 0;
			defaultConfigurationName = Release;
		};
		2769E7832D64560100785082 /* Build configuration list for PBXNativeTarget "TestingHostUITests" */ = {
			isa = XCConfigurationList;
			buildConfigurations = (
				2769E7842D64560100785082 /* Debug */,
				2769E7852D64560100785082 /* Release */,
			);
			defaultConfigurationIsVisible = 0;
			defaultConfigurationName = Release;
		};
/* End XCConfigurationList section */

/* Begin XCLocalSwiftPackageReference section */
		2769E78A2D64564D00785082 /* XCLocalSwiftPackageReference "../../ScreenShieldKit" */ = {
			isa = XCLocalSwiftPackageReference;
			relativePath = ../../ScreenShieldKit;
		};
/* End XCLocalSwiftPackageReference section */

/* Begin XCRemoteSwiftPackageReference section */
		2769E78D2D64565800785082 /* XCRemoteSwiftPackageReference "ios-snapshot-test-case" */ = {
			isa = XCRemoteSwiftPackageReference;
			repositoryURL = "https://github.com/uber/ios-snapshot-test-case.git";
			requirement = {
				kind = upToNextMajorVersion;
				minimumVersion = 8.0.0;
			};
		};
/* End XCRemoteSwiftPackageReference section */

/* Begin XCSwiftPackageProductDependency section */
		2769E78B2D64564D00785082 /* ScreenShieldKit */ = {
			isa = XCSwiftPackageProductDependency;
			productName = ScreenShieldKit;
		};
		2769E78E2D64565800785082 /* iOSSnapshotTestCase */ = {
			isa = XCSwiftPackageProductDependency;
			package = 2769E78D2D64565800785082 /* XCRemoteSwiftPackageReference "ios-snapshot-test-case" */;
			productName = iOSSnapshotTestCase;
		};
		2769E7BB2D6456C300785082 /* ScreenShieldKit */ = {
			isa = XCSwiftPackageProductDependency;
			package = 2769E78A2D64564D00785082 /* XCLocalSwiftPackageReference "../../ScreenShieldKit" */;
			productName = ScreenShieldKit;
		};
		2769E7BD2D6456C600785082 /* ScreenShieldKit */ = {
			isa = XCSwiftPackageProductDependency;
			package = 2769E78A2D64564D00785082 /* XCLocalSwiftPackageReference "../../ScreenShieldKit" */;
			productName = ScreenShieldKit;
		};
/* End XCSwiftPackageProductDependency section */
	};
	rootObject = 2769E74A2D64560000785082 /* Project object */;
}
