// !$*UTF8*$!
{
	archiveVersion = 1;
	classes = {
	};
	objectVersion = 56;
	objects = {

/* Begin PBXBuildFile section */
		9165B6682D6B616D00DD9643 /* DNS_Easy_SwitcherApp.swift in Sources */ = {isa = PBXBuildFile; fileRef = 9165B6672D6B616D00DD9643 /* DNS_Easy_SwitcherApp.swift */; };
		9165B66A2D6B616D00DD9643 /* MenuBarView.swift in Sources */ = {isa = PBXBuildFile; fileRef = 9165B6692D6B616D00DD9643 /* MenuBarView.swift */; };
		9165B66C2D6B616D00DD9643 /* DNSSettings.swift in Sources */ = {isa = PBXBuildFile; fileRef = 9165B66B2D6B616D00DD9643 /* DNSSettings.swift */; };
		9165B66E2D6B616D00DD9643 /* Assets.xcassets in Resources */ = {isa = PBXBuildFile; fileRef = 9165B66D2D6B616D00DD9643 /* Assets.xcassets */; };
		9165B6712D6B616D00DD9643 /* Preview Assets.xcassets in Resources */ = {isa = PBXBuildFile; fileRef = 9165B6702D6B616D00DD9643 /* Preview Assets.xcassets */; };
		9165B6792D6B61C500DD9643 /* MenuBarController.swift in Sources */ = {isa = PBXBuildFile; fileRef = 9165B6782D6B61C500DD9643 /* MenuBarController.swift */; };
		9165B67B2D6B62CC00DD9643 /* DNSManager.swift in Sources */ = {isa = PBXBuildFile; fileRef = 9165B67A2D6B62CC00DD9643 /* DNSManager.swift */; };
		9165B67D2D6B699A00DD9643 /* AddCustomDNSView.swift in Sources */ = {isa = PBXBuildFile; fileRef = 9165B67C2D6B699A00DD9643 /* AddCustomDNSView.swift */; };
		9165B67F2D6B6D1800DD9643 /* CustomSheet.swift in Sources */ = {isa = PBXBuildFile; fileRef = 9165B67E2D6B6D1800DD9643 /* CustomSheet.swift */; };
/* End PBXBuildFile section */

/* Begin PBXFileReference section */
		9165B6642D6B616D00DD9643 /* DNS Easy Switcher.app */ = {isa = PBXFileReference; explicitFileType = wrapper.application; includeInIndex = 0; path = "DNS Easy Switcher.app"; sourceTree = BUILT_PRODUCTS_DIR; };
		9165B6672D6B616D00DD9643 /* DNS_Easy_SwitcherApp.swift */ = {isa = PBXFileReference; lastKnownFileType = sourcecode.swift; path = DNS_Easy_SwitcherApp.swift; sourceTree = "<group>"; };
		9165B6692D6B616D00DD9643 /* MenuBarView.swift */ = {isa = PBXFileReference; lastKnownFileType = sourcecode.swift; path = MenuBarView.swift; sourceTree = "<group>"; };
		9165B66B2D6B616D00DD9643 /* DNSSettings.swift */ = {isa = PBXFileReference; lastKnownFileType = sourcecode.swift; path = DNSSettings.swift; sourceTree = "<group>"; };
		9165B66D2D6B616D00DD9643 /* Assets.xcassets */ = {isa = PBXFileReference; lastKnownFileType = folder.assetcatalog; path = Assets.xcassets; sourceTree = "<group>"; };
		9165B6702D6B616D00DD9643 /* Preview Assets.xcassets */ = {isa = PBXFileReference; lastKnownFileType = folder.assetcatalog; path = "Preview Assets.xcassets"; sourceTree = "<group>"; };
		9165B6722D6B616D00DD9643 /* DNS_Easy_Switcher.entitlements */ = {isa = PBXFileReference; lastKnownFileType = text.plist.entitlements; path = DNS_Easy_Switcher.entitlements; sourceTree = "<group>"; };
		9165B6782D6B61C500DD9643 /* MenuBarController.swift */ = {isa = PBXFileReference; lastKnownFileType = sourcecode.swift; path = MenuBarController.swift; sourceTree = "<group>"; };
		9165B67A2D6B62CC00DD9643 /* DNSManager.swift */ = {isa = PBXFileReference; lastKnownFileType = sourcecode.swift; path = DNSManager.swift; sourceTree = "<group>"; };
		9165B67C2D6B699A00DD9643 /* AddCustomDNSView.swift */ = {isa = PBXFileReference; lastKnownFileType = sourcecode.swift; path = AddCustomDNSView.swift; sourceTree = "<group>"; };
		9165B67E2D6B6D1800DD9643 /* CustomSheet.swift */ = {isa = PBXFileReference; lastKnownFileType = sourcecode.swift; path = CustomSheet.swift; sourceTree = "<group>"; };
/* End PBXFileReference section */

/* Begin PBXFrameworksBuildPhase section */
		9165B6612D6B616D00DD9643 /* Frameworks */ = {
			isa = PBXFrameworksBuildPhase;
			buildActionMask = 2147483647;
			files = (
			);
			runOnlyForDeploymentPostprocessing = 0;
		};
/* End PBXFrameworksBuildPhase section */

/* Begin PBXGroup section */
		9165B65B2D6B616D00DD9643 = {
			isa = PBXGroup;
			children = (
				9165B6662D6B616D00DD9643 /* DNS Easy Switcher */,
				9165B6652D6B616D00DD9643 /* Products */,
			);
			sourceTree = "<group>";
		};
		9165B6652D6B616D00DD9643 /* Products */ = {
			isa = PBXGroup;
			children = (
				9165B6642D6B616D00DD9643 /* DNS Easy Switcher.app */,
			);
			name = Products;
			sourceTree = "<group>";
		};
		9165B6662D6B616D00DD9643 /* DNS Easy Switcher */ = {
			isa = PBXGroup;
			children = (
				9165B6672D6B616D00DD9643 /* DNS_Easy_SwitcherApp.swift */,
				9165B6692D6B616D00DD9643 /* MenuBarView.swift */,
				9165B66B2D6B616D00DD9643 /* DNSSettings.swift */,
				9165B66D2D6B616D00DD9643 /* Assets.xcassets */,
				9165B6722D6B616D00DD9643 /* DNS_Easy_Switcher.entitlements */,
				9165B66F2D6B616D00DD9643 /* Preview Content */,
				9165B6782D6B61C500DD9643 /* MenuBarController.swift */,
				9165B67A2D6B62CC00DD9643 /* DNSManager.swift */,
				9165B67C2D6B699A00DD9643 /* AddCustomDNSView.swift */,
				9165B67E2D6B6D1800DD9643 /* CustomSheet.swift */,
			);
			path = "DNS Easy Switcher";
			sourceTree = "<group>";
		};
		9165B66F2D6B616D00DD9643 /* Preview Content */ = {
			isa = PBXGroup;
			children = (
				9165B6702D6B616D00DD9643 /* Preview Assets.xcassets */,
			);
			path = "Preview Content";
			sourceTree = "<group>";
		};
/* End PBXGroup section */

/* Begin PBXNativeTarget section */
		9165B6632D6B616D00DD9643 /* DNS Easy Switcher */ = {
			isa = PBXNativeTarget;
			buildConfigurationList = 9165B6752D6B616D00DD9643 /* Build configuration list for PBXNativeTarget "DNS Easy Switcher" */;
			buildPhases = (
				9165B6602D6B616D00DD9643 /* Sources */,
				9165B6612D6B616D00DD9643 /* Frameworks */,
				9165B6622D6B616D00DD9643 /* Resources */,
			);
			buildRules = (
			);
			dependencies = (
			);
			name = "DNS Easy Switcher";
			productName = "DNS Easy Switcher";
			productReference = 9165B6642D6B616D00DD9643 /* DNS Easy Switcher.app */;
			productType = "com.apple.product-type.application";
		};
/* End PBXNativeTarget section */

/* Begin PBXProject section */
		9165B65C2D6B616D00DD9643 /* Project object */ = {
			isa = PBXProject;
			attributes = {
				BuildIndependentTargetsInParallel = 1;
				LastSwiftUpdateCheck = 1500;
				LastUpgradeCheck = 1500;
				TargetAttributes = {
					9165B6632D6B616D00DD9643 = {
						CreatedOnToolsVersion = 15.0.1;
					};
				};
			};
			buildConfigurationList = 9165B65F2D6B616D00DD9643 /* Build configuration list for PBXProject "DNS Easy Switcher" */;
			compatibilityVersion = "Xcode 14.0";
			developmentRegion = en;
			hasScannedForEncodings = 0;
			knownRegions = (
				en,
				Base,
			);
			mainGroup = 9165B65B2D6B616D00DD9643;
			productRefGroup = 9165B6652D6B616D00DD9643 /* Products */;
			projectDirPath = "";
			projectRoot = "";
			targets = (
				9165B6632D6B616D00DD9643 /* DNS Easy Switcher */,
			);
		};
/* End PBXProject section */

/* Begin PBXResourcesBuildPhase section */
		9165B6622D6B616D00DD9643 /* Resources */ = {
			isa = PBXResourcesBuildPhase;
			buildActionMask = 2147483647;
			files = (
				9165B6712D6B616D00DD9643 /* Preview Assets.xcassets in Resources */,
				9165B66E2D6B616D00DD9643 /* Assets.xcassets in Resources */,
			);
			runOnlyForDeploymentPostprocessing = 0;
		};
/* End PBXResourcesBuildPhase section */

/* Begin PBXSourcesBuildPhase section */
		9165B6602D6B616D00DD9643 /* Sources */ = {
			isa = PBXSourcesBuildPhase;
			buildActionMask = 2147483647;
			files = (
				9165B6792D6B61C500DD9643 /* MenuBarController.swift in Sources */,
				9165B67F2D6B6D1800DD9643 /* CustomSheet.swift in Sources */,
				9165B67D2D6B699A00DD9643 /* AddCustomDNSView.swift in Sources */,
				9165B66A2D6B616D00DD9643 /* MenuBarView.swift in Sources */,
				9165B66C2D6B616D00DD9643 /* DNSSettings.swift in Sources */,
				9165B67B2D6B62CC00DD9643 /* DNSManager.swift in Sources */,
				9165B6682D6B616D00DD9643 /* DNS_Easy_SwitcherApp.swift in Sources */,
			);
			runOnlyForDeploymentPostprocessing = 0;
		};
/* End PBXSourcesBuildPhase section */

/* Begin XCBuildConfiguration section */
		9165B6732D6B616D00DD9643 /* Debug */ = {
			isa = XCBuildConfiguration;
			buildSettings = {
				ALWAYS_SEARCH_USER_PATHS = NO;
				ASSETCATALOG_COMPILER_GENERATE_SWIFT_ASSET_SYMBOL_EXTENSIONS = YES;
				CLANG_ANALYZER_NONNULL = YES;
				CLANG_ANALYZER_NUMBER_OBJECT_CONVERSION = YES_AGGRESSIVE;
				CLANG_CXX_LANGUAGE_STANDARD = "gnu++20";
				CLANG_ENABLE_MODULES = YES;
				CLANG_ENABLE_OBJC_ARC = YES;
				CLANG_ENABLE_OBJC_WEAK = YES;
				CLANG_WARN_BLOCK_CAPTURE_AUTORELEASING = YES;
				CLANG_WARN_BOOL_CONVERSION = YES;
				CLANG_WARN_COMMA = YES;
				CLANG_WARN_CONSTANT_CONVERSION = YES;
				CLANG_WARN_DEPRECATED_OBJC_IMPLEMENTATIONS = YES;
				CLANG_WARN_DIRECT_OBJC_ISA_USAGE = YES_ERROR;
				CLANG_WARN_DOCUMENTATION_COMMENTS = YES;
				CLANG_WARN_EMPTY_BODY = YES;
				CLANG_WARN_ENUM_CONVERSION = YES;
				CLANG_WARN_INFINITE_RECURSION = YES;
				CLANG_WARN_INT_CONVERSION = YES;
				CLANG_WARN_NON_LITERAL_NULL_CONVERSION = YES;
				CLANG_WARN_OBJC_IMPLICIT_RETAIN_SELF = YES;
				CLANG_WARN_OBJC_LITERAL_CONVERSION = YES;
				CLANG_WARN_OBJC_ROOT_CLASS = YES_ERROR;
				CLANG_WARN_QUOTED_INCLUDE_IN_FRAMEWORK_HEADER = YES;
				CLANG_WARN_RANGE_LOOP_ANALYSIS = YES;
				CLANG_WARN_STRICT_PROTOTYPES = YES;
				CLANG_WARN_SUSPICIOUS_MOVE = YES;
				CLANG_WARN_UNGUARDED_AVAILABILITY = YES_AGGRESSIVE;
				CLANG_WARN_UNREACHABLE_CODE = YES;
				CLANG_WARN__DUPLICATE_METHOD_MATCH = YES;
				COPY_PHASE_STRIP = NO;
				DEBUG_INFORMATION_FORMAT = dwarf;
				ENABLE_STRICT_OBJC_MSGSEND = YES;
				ENABLE_TESTABILITY = YES;
				ENABLE_USER_SCRIPT_SANDBOXING = YES;
				GCC_C_LANGUAGE_STANDARD = gnu17;
				GCC_DYNAMIC_NO_PIC = NO;
				GCC_NO_COMMON_BLOCKS = YES;
				GCC_OPTIMIZATION_LEVEL = 0;
				GCC_PREPROCESSOR_DEFINITIONS = (
					"DEBUG=1",
					"$(inherited)",
				);
				GCC_WARN_64_TO_32_BIT_CONVERSION = YES;
				GCC_WARN_ABOUT_RETURN_TYPE = YES_ERROR;
				GCC_WARN_UNDECLARED_SELECTOR = YES;
				GCC_WARN_UNINITIALIZED_AUTOS = YES_AGGRESSIVE;
				GCC_WARN_UNUSED_FUNCTION = YES;
				GCC_WARN_UNUSED_VARIABLE = YES;
				LOCALIZATION_PREFERS_STRING_CATALOGS = YES;
				MACOSX_DEPLOYMENT_TARGET = 14.0;
				MTL_ENABLE_DEBUG_INFO = INCLUDE_SOURCE;
				MTL_FAST_MATH = YES;
				ONLY_ACTIVE_ARCH = YES;
				SDKROOT = macosx;
				SWIFT_ACTIVE_COMPILATION_CONDITIONS = "DEBUG $(inherited)";
				SWIFT_OPTIMIZATION_LEVEL = "-Onone";
			};
			name = Debug;
		};
		9165B6742D6B616D00DD9643 /* Release */ = {
			isa = XCBuildConfiguration;
			buildSettings = {
				ALWAYS_SEARCH_USER_PATHS = NO;
				ASSETCATALOG_COMPILER_GENERATE_SWIFT_ASSET_SYMBOL_EXTENSIONS = YES;
				CLANG_ANALYZER_NONNULL = YES;
				CLANG_ANALYZER_NUMBER_OBJECT_CONVERSION = YES_AGGRESSIVE;
				CLANG_CXX_LANGUAGE_STANDARD = "gnu++20";
				CLANG_ENABLE_MODULES = YES;
				CLANG_ENABLE_OBJC_ARC = YES;
				CLANG_ENABLE_OBJC_WEAK = YES;
				CLANG_WARN_BLOCK_CAPTURE_AUTORELEASING = YES;
				CLANG_WARN_BOOL_CONVERSION = YES;
				CLANG_WARN_COMMA = YES;
				CLANG_WARN_CONSTANT_CONVERSION = YES;
				CLANG_WARN_DEPRECATED_OBJC_IMPLEMENTATIONS = YES;
				CLANG_WARN_DIRECT_OBJC_ISA_USAGE = YES_ERROR;
				CLANG_WARN_DOCUMENTATION_COMMENTS = YES;
				CLANG_WARN_EMPTY_BODY = YES;
				CLANG_WARN_ENUM_CONVERSION = YES;
				CLANG_WARN_INFINITE_RECURSION = YES;
				CLANG_WARN_INT_CONVERSION = YES;
				CLANG_WARN_NON_LITERAL_NULL_CONVERSION = YES;
				CLANG_WARN_OBJC_IMPLICIT_RETAIN_SELF = YES;
				CLANG_WARN_OBJC_LITERAL_CONVERSION = YES;
				CLANG_WARN_OBJC_ROOT_CLASS = YES_ERROR;
				CLANG_WARN_QUOTED_INCLUDE_IN_FRAMEWORK_HEADER = YES;
				CLANG_WARN_RANGE_LOOP_ANALYSIS = YES;
				CLANG_WARN_STRICT_PROTOTYPES = YES;
				CLANG_WARN_SUSPICIOUS_MOVE = YES;
				CLANG_WARN_UNGUARDED_AVAILABILITY = YES_AGGRESSIVE;
				CLANG_WARN_UNREACHABLE_CODE = YES;
				CLANG_WARN__DUPLICATE_METHOD_MATCH = YES;
				COPY_PHASE_STRIP = NO;
				DEBUG_INFORMATION_FORMAT = "dwarf-with-dsym";
				ENABLE_NS_ASSERTIONS = NO;
				ENABLE_STRICT_OBJC_MSGSEND = YES;
				ENABLE_USER_SCRIPT_SANDBOXING = YES;
				GCC_C_LANGUAGE_STANDARD = gnu17;
				GCC_NO_COMMON_BLOCKS = YES;
				GCC_WARN_64_TO_32_BIT_CONVERSION = YES;
				GCC_WARN_ABOUT_RETURN_TYPE = YES_ERROR;
				GCC_WARN_UNDECLARED_SELECTOR = YES;
				GCC_WARN_UNINITIALIZED_AUTOS = YES_AGGRESSIVE;
				GCC_WARN_UNUSED_FUNCTION = YES;
				GCC_WARN_UNUSED_VARIABLE = YES;
				LOCALIZATION_PREFERS_STRING_CATALOGS = YES;
				MACOSX_DEPLOYMENT_TARGET = 14.0;
				MTL_ENABLE_DEBUG_INFO = NO;
				MTL_FAST_MATH = YES;
				SDKROOT = macosx;
				SWIFT_COMPILATION_MODE = wholemodule;
			};
			name = Release;
		};
		9165B6762D6B616D00DD9643 /* Debug */ = {
			isa = XCBuildConfiguration;
			buildSettings = {
				ASSETCATALOG_COMPILER_APPICON_NAME = AppIcon;
				ASSETCATALOG_COMPILER_GLOBAL_ACCENT_COLOR_NAME = AccentColor;
				ASSETCATALOG_COMPILER_INCLUDE_ALL_APPICON_ASSETS = YES;
				CODE_SIGN_ENTITLEMENTS = "DNS Easy Switcher/DNS_Easy_Switcher.entitlements";
				CODE_SIGN_IDENTITY = "Apple Development";
				CODE_SIGN_STYLE = Automatic;
				COMBINE_HIDPI_IMAGES = YES;
				CURRENT_PROJECT_VERSION = 3;
				DEVELOPMENT_ASSET_PATHS = "\"DNS Easy Switcher/Preview Content\"";
				DEVELOPMENT_TEAM = 6645MJMX63;
				ENABLE_HARDENED_RUNTIME = YES;
				ENABLE_PREVIEWS = YES;
				GENERATE_INFOPLIST_FILE = YES;
				INFOPLIST_KEY_CFBundleDisplayName = "DNS Easy Switcher";
				INFOPLIST_KEY_LSApplicationCategoryType = "public.app-category.utilities";
				INFOPLIST_KEY_NSHumanReadableCopyright = "";
				LD_RUNPATH_SEARCH_PATHS = (
					"$(inherited)",
					"@executable_path/../Frameworks",
				);
				MACOSX_DEPLOYMENT_TARGET = 14.0;
				MARKETING_VERSION = 1.0.2;
				PRODUCT_BUNDLE_IDENTIFIER = com.linfordsoftware.dnseasyswitcher;
				PRODUCT_NAME = "$(TARGET_NAME)";
				PROVISIONING_PROFILE_SPECIFIER = "";
				SWIFT_EMIT_LOC_STRINGS = YES;
				SWIFT_VERSION = 5.0;
			};
			name = Debug;
		};
		9165B6772D6B616D00DD9643 /* Release */ = {
			isa = XCBuildConfiguration;
			buildSettings = {
				ASSETCATALOG_COMPILER_APPICON_NAME = AppIcon;
				ASSETCATALOG_COMPILER_GLOBAL_ACCENT_COLOR_NAME = AccentColor;
				ASSETCATALOG_COMPILER_INCLUDE_ALL_APPICON_ASSETS = YES;
				CODE_SIGN_ENTITLEMENTS = "DNS Easy Switcher/DNS_Easy_Switcher.entitlements";
				CODE_SIGN_IDENTITY = "Apple Development";
				CODE_SIGN_STYLE = Automatic;
				COMBINE_HIDPI_IMAGES = YES;
				CURRENT_PROJECT_VERSION = 3;
				DEVELOPMENT_ASSET_PATHS = "\"DNS Easy Switcher/Preview Content\"";
				DEVELOPMENT_TEAM = 6645MJMX63;
				ENABLE_HARDENED_RUNTIME = YES;
				ENABLE_PREVIEWS = YES;
				GENERATE_INFOPLIST_FILE = YES;
				INFOPLIST_KEY_CFBundleDisplayName = "DNS Easy Switcher";
				INFOPLIST_KEY_LSApplicationCategoryType = "public.app-category.utilities";
				INFOPLIST_KEY_NSHumanReadableCopyright = "";
				LD_RUNPATH_SEARCH_PATHS = (
					"$(inherited)",
					"@executable_path/../Frameworks",
				);
				MACOSX_DEPLOYMENT_TARGET = 14.0;
				MARKETING_VERSION = 1.0.2;
				PRODUCT_BUNDLE_IDENTIFIER = com.linfordsoftware.dnseasyswitcher;
				PRODUCT_NAME = "$(TARGET_NAME)";
				PROVISIONING_PROFILE_SPECIFIER = "";
				SWIFT_EMIT_LOC_STRINGS = YES;
				SWIFT_VERSION = 5.0;
			};
			name = Release;
		};
/* End XCBuildConfiguration section */

/* Begin XCConfigurationList section */
		9165B65F2D6B616D00DD9643 /* Build configuration list for PBXProject "DNS Easy Switcher" */ = {
			isa = XCConfigurationList;
			buildConfigurations = (
				9165B6732D6B616D00DD9643 /* Debug */,
				9165B6742D6B616D00DD9643 /* Release */,
			);
			defaultConfigurationIsVisible = 0;
			defaultConfigurationName = Release;
		};
		9165B6752D6B616D00DD9643 /* Build configuration list for PBXNativeTarget "DNS Easy Switcher" */ = {
			isa = XCConfigurationList;
			buildConfigurations = (
				9165B6762D6B616D00DD9643 /* Debug */,
				9165B6772D6B616D00DD9643 /* Release */,
			);
			defaultConfigurationIsVisible = 0;
			defaultConfigurationName = Release;
		};
/* End XCConfigurationList section */
	};
	rootObject = 9165B65C2D6B616D00DD9643 /* Project object */;
}
